
Microsoft Visual Studio Solution File, Format Version 12.00
# Visual Studio Version 16
VisualStudioVersion = 16.0.32901.82
MinimumVisualStudioVersion = 10.0.40219.1
Project("{FAE04EC0-301F-11D3-BF4B-00C04F79EFBC}") = "ApiUpdate", "ApiUpdate.csproj", "{F643EF0A-B97C-4118-8EC7-E7F3A61AB50A}"
EndProject
Global
	GlobalSection(SolutionConfigurationPlatforms) = preSolution
		Debug|Any CPU = Debug|Any CPU
		Release|Any CPU = Release|Any CPU
	EndGlobalSection
	GlobalSection(ProjectConfigurationPlatforms) = postSolution
		{F643EF0A-B97C-4118-8EC7-E7F3A61AB50A}.Debug|Any CPU.ActiveCfg = Debug|Any CPU
		{F643EF0A-B97C-4118-8EC7-E7F3A61AB50A}.Debug|Any CPU.Build.0 = Debug|Any CPU
		{F643EF0A-B97C-4118-8EC7-E7F3A61AB50A}.Release|Any CPU.ActiveCfg = Release|Any CPU
		{F643EF0A-B97C-4118-8EC7-E7F3A61AB50A}.Release|Any CPU.Build.0 = Release|Any CPU
	EndGlobalSection
	GlobalSection(SolutionProperties) = preSolution
		HideSolutionNode = FALSE
	EndGlobalSection
	GlobalSection(ExtensibilityGlobals) = postSolution
		SolutionGuid = {FAE38FC0-7021-42B9-91FA-55BB78935F55}
	EndGlobalSection
EndGlobal
